// !$*UTF8*$!
{
	archiveVersion = 1;
	classes = {
	};
	objectVersion = 50;
	objects = {

/* Begin PBXBuildFile section */
		05FBE93424E7EDB70028EF06 /* Loop.cpp in Sources */ = {isa = PBXBuildFile; fileRef = 05FBE93024E7EDB70028EF06 /* Loop.cpp */; };
		05FBE93524E7EDB70028EF06 /* Timer.cpp in Sources */ = {isa = PBXBuildFile; fileRef = 05FBE93124E7EDB70028EF06 /* Timer.cpp */; };
		05FBE93624E7EDB70028EF06 /* Action.cpp in Sources */ = {isa = PBXBuildFile; fileRef = 05FBE93224E7EDB70028EF06 /* Action.cpp */; };
		05FBE93724E7EDB70028EF06 /* Queue.cpp in Sources */ = {isa = PBXBuildFile; fileRef = 05FBE93324E7EDB70028EF06 /* Queue.cpp */; };
		05FBE93F24E7EE010028EF06 /* main.cpp in Sources */ = {isa = PBXBuildFile; fileRef = 05FBE93E24E7EE010028EF06 /* main.cpp */; };
		05FBE94624E7EE470028EF06 /* libDispatch.a in Frameworks */ = {isa = PBXBuildFile; fileRef = 05FBE8DF24E7EADB0028EF06 /* libDispatch.a */; };
		05FBE94A24E7F5160028EF06 /* Interval.cpp in Sources */ = {isa = PBXBuildFile; fileRef = 05FBE94924E7F5160028EF06 /* Interval.cpp */; };
		05FBE95E24E81E060028EF06 /* Thread.cpp in Sources */ = {isa = PBXBuildFile; fileRef = 05FBE95D24E81E060028EF06 /* Thread.cpp */; };
/* End PBXBuildFile section */

/* Begin PBXContainerItemProxy section */
		05FBE94324E7EE440028EF06 /* PBXContainerItemProxy */ = {
			isa = PBXContainerItemProxy;
			containerPortal = 05FBE8D724E7EADB0028EF06 /* Project object */;
			proxyType = 1;
			remoteGlobalIDString = 05FBE8DE24E7EADB0028EF06;
			remoteInfo = Dispatch;
		};
/* End PBXContainerItemProxy section */

/* Begin PBXCopyFilesBuildPhase section */
		05FBE93A24E7EE010028EF06 /* CopyFiles */ = {
			isa = PBXCopyFilesBuildPhase;
			buildActionMask = 2147483647;
			dstPath = /usr/share/man/man1/;
			dstSubfolderSpec = 0;
			files = (
			);
			runOnlyForDeploymentPostprocessing = 1;
		};
/* End PBXCopyFilesBuildPhase section */

/* Begin PBXFileReference section */
		05FBE8DF24E7EADB0028EF06 /* libDispatch.a */ = {isa = PBXFileReference; explicitFileType = archive.ar; includeInIndex = 0; path = libDispatch.a; sourceTree = BUILT_PRODUCTS_DIR; };
		05FBE8F024E7EB2C0028EF06 /* README.md */ = {isa = PBXFileReference; lastKnownFileType = net.daringfireball.markdown; path = README.md; sourceTree = "<group>"; };
		05FBE8F224E7EB4B0028EF06 /* Release - ccache.xcconfig */ = {isa = PBXFileReference; lastKnownFileType = text.xcconfig; path = "Release - ccache.xcconfig"; sourceTree = "<group>"; };
		05FBE8F324E7EB4B0028EF06 /* Common.xcconfig */ = {isa = PBXFileReference; lastKnownFileType = text.xcconfig; path = Common.xcconfig; sourceTree = "<group>"; };
		05FBE8F424E7EB4B0028EF06 /* Debug - ccache.xcconfig */ = {isa = PBXFileReference; lastKnownFileType = text.xcconfig; path = "Debug - ccache.xcconfig"; sourceTree = "<group>"; };
		05FBE8F524E7EB4B0028EF06 /* Debug.xcconfig */ = {isa = PBXFileReference; lastKnownFileType = text.xcconfig; path = Debug.xcconfig; sourceTree = "<group>"; };
		05FBE8F624E7EB4B0028EF06 /* Release.xcconfig */ = {isa = PBXFileReference; lastKnownFileType = text.xcconfig; path = Release.xcconfig; sourceTree = "<group>"; };
		05FBE8F724E7EB4B0028EF06 /* README.md */ = {isa = PBXFileReference; lastKnownFileType = net.daringfireball.markdown; path = README.md; sourceTree = "<group>"; };
		05FBE8F824E7EB4B0028EF06 /* Release - Library.xcconfig */ = {isa = PBXFileReference; lastKnownFileType = text.xcconfig; path = "Release - Library.xcconfig"; sourceTree = "<group>"; };
		05FBE8FA24E7EB4B0028EF06 /* Signing.xcconfig */ = {isa = PBXFileReference; lastKnownFileType = text.xcconfig; path = Signing.xcconfig; sourceTree = "<group>"; };
		05FBE8FB24E7EB4B0028EF06 /* Architectures.xcconfig */ = {isa = PBXFileReference; lastKnownFileType = text.xcconfig; path = Architectures.xcconfig; sourceTree = "<group>"; };
		05FBE8FD24E7EB4B0028EF06 /* Issues.xcconfig */ = {isa = PBXFileReference; lastKnownFileType = text.xcconfig; path = Issues.xcconfig; sourceTree = "<group>"; };
		05FBE8FF24E7EB4B0028EF06 /* Apple-APIs.xcconfig */ = {isa = PBXFileReference; lastKnownFileType = text.xcconfig; path = "Apple-APIs.xcconfig"; sourceTree = "<group>"; };
		05FBE90024E7EB4B0028EF06 /* Generic-Issues.xcconfig */ = {isa = PBXFileReference; lastKnownFileType = text.xcconfig; path = "Generic-Issues.xcconfig"; sourceTree = "<group>"; };
		05FBE90124E7EB4B0028EF06 /* Security.xcconfig */ = {isa = PBXFileReference; lastKnownFileType = text.xcconfig; path = Security.xcconfig; sourceTree = "<group>"; };
		05FBE90224E7EB4B0028EF06 /* Objective-C.xcconfig */ = {isa = PBXFileReference; lastKnownFileType = text.xcconfig; path = "Objective-C.xcconfig"; sourceTree = "<group>"; };
		05FBE90324E7EB4B0028EF06 /* Analysis-Policy.xcconfig */ = {isa = PBXFileReference; lastKnownFileType = text.xcconfig; path = "Analysis-Policy.xcconfig"; sourceTree = "<group>"; };
		05FBE90424E7EB4B0028EF06 /* Deployment.xcconfig */ = {isa = PBXFileReference; lastKnownFileType = text.xcconfig; path = Deployment.xcconfig; sourceTree = "<group>"; };
		05FBE90524E7EB4B0028EF06 /* Build-Options.xcconfig */ = {isa = PBXFileReference; lastKnownFileType = text.xcconfig; path = "Build-Options.xcconfig"; sourceTree = "<group>"; };
		05FBE90624E7EB4B0028EF06 /* Swift-Compiler.xcconfig */ = {isa = PBXFileReference; lastKnownFileType = text.xcconfig; path = "Swift-Compiler.xcconfig"; sourceTree = "<group>"; };
		05FBE90724E7EB4B0028EF06 /* Static-Analyzer.xcconfig */ = {isa = PBXFileReference; lastKnownFileType = text.xcconfig; path = "Static-Analyzer.xcconfig"; sourceTree = "<group>"; };
		05FBE90924E7EB4B0028EF06 /* Warnings-Policies.xcconfig */ = {isa = PBXFileReference; lastKnownFileType = text.xcconfig; path = "Warnings-Policies.xcconfig"; sourceTree = "<group>"; };
		05FBE90A24E7EB4B0028EF06 /* Code-Generation.xcconfig */ = {isa = PBXFileReference; lastKnownFileType = text.xcconfig; path = "Code-Generation.xcconfig"; sourceTree = "<group>"; };
		05FBE90B24E7EB4B0028EF06 /* Language.xcconfig */ = {isa = PBXFileReference; lastKnownFileType = text.xcconfig; path = Language.xcconfig; sourceTree = "<group>"; };
		05FBE90C24E7EB4B0028EF06 /* General.xcconfig */ = {isa = PBXFileReference; lastKnownFileType = text.xcconfig; path = General.xcconfig; sourceTree = "<group>"; };
		05FBE90D24E7EB4B0028EF06 /* Search-Paths.xcconfig */ = {isa = PBXFileReference; lastKnownFileType = text.xcconfig; path = "Search-Paths.xcconfig"; sourceTree = "<group>"; };
		05FBE90E24E7EB4B0028EF06 /* Apple-LLVM.xcconfig */ = {isa = PBXFileReference; lastKnownFileType = text.xcconfig; path = "Apple-LLVM.xcconfig"; sourceTree = "<group>"; };
		05FBE91124E7EB4B0028EF06 /* Modules.xcconfig */ = {isa = PBXFileReference; lastKnownFileType = text.xcconfig; path = Modules.xcconfig; sourceTree = "<group>"; };
		05FBE91224E7EB4B0028EF06 /* Objective-C.xcconfig */ = {isa = PBXFileReference; lastKnownFileType = text.xcconfig; path = "Objective-C.xcconfig"; sourceTree = "<group>"; };
		05FBE91324E7EB4B0028EF06 /* C++.xcconfig */ = {isa = PBXFileReference; lastKnownFileType = text.xcconfig; path = "C++.xcconfig"; sourceTree = "<group>"; };
		05FBE91424E7EB4B0028EF06 /* Code-Generation.xcconfig */ = {isa = PBXFileReference; lastKnownFileType = text.xcconfig; path = "Code-Generation.xcconfig"; sourceTree = "<group>"; };
		05FBE91524E7EB4B0028EF06 /* Address-Sanitizer.xcconfig */ = {isa = PBXFileReference; lastKnownFileType = text.xcconfig; path = "Address-Sanitizer.xcconfig"; sourceTree = "<group>"; };
		05FBE91624E7EB4B0028EF06 /* Language.xcconfig */ = {isa = PBXFileReference; lastKnownFileType = text.xcconfig; path = Language.xcconfig; sourceTree = "<group>"; };
		05FBE91724E7EB4B0028EF06 /* Warnings.xcconfig */ = {isa = PBXFileReference; lastKnownFileType = text.xcconfig; path = Warnings.xcconfig; sourceTree = "<group>"; };
		05FBE91824E7EB4B0028EF06 /* Undefined-Behavior-Sanitizer.xcconfig */ = {isa = PBXFileReference; lastKnownFileType = text.xcconfig; path = "Undefined-Behavior-Sanitizer.xcconfig"; sourceTree = "<group>"; };
		05FBE91924E7EB4B0028EF06 /* Warning-Policies.xcconfig */ = {isa = PBXFileReference; lastKnownFileType = text.xcconfig; path = "Warning-Policies.xcconfig"; sourceTree = "<group>"; };
		05FBE91B24E7EB4B0028EF06 /* Objective-C-ARC.xcconfig */ = {isa = PBXFileReference; lastKnownFileType = text.xcconfig; path = "Objective-C-ARC.xcconfig"; sourceTree = "<group>"; };
		05FBE91C24E7EB4B0028EF06 /* Objective-C.xcconfig */ = {isa = PBXFileReference; lastKnownFileType = text.xcconfig; path = "Objective-C.xcconfig"; sourceTree = "<group>"; };
		05FBE91D24E7EB4B0028EF06 /* C++.xcconfig */ = {isa = PBXFileReference; lastKnownFileType = text.xcconfig; path = "C++.xcconfig"; sourceTree = "<group>"; };
		05FBE91E24E7EB4B0028EF06 /* All-Languages.xcconfig */ = {isa = PBXFileReference; lastKnownFileType = text.xcconfig; path = "All-Languages.xcconfig"; sourceTree = "<group>"; };
		05FBE91F24E7EB4B0028EF06 /* Preprocessing.xcconfig */ = {isa = PBXFileReference; lastKnownFileType = text.xcconfig; path = Preprocessing.xcconfig; sourceTree = "<group>"; };
		05FBE92024E7EB4B0028EF06 /* Debug - Library.xcconfig */ = {isa = PBXFileReference; lastKnownFileType = text.xcconfig; path = "Debug - Library.xcconfig"; sourceTree = "<group>"; };
		05FBE92124E7EB4B0028EF06 /* .gitignore */ = {isa = PBXFileReference; lastKnownFileType = text; path = .gitignore; sourceTree = "<group>"; };
		05FBE92324E7EB4B0028EF06 /* ccache-config.sh */ = {isa = PBXFileReference; lastKnownFileType = text.script.sh; path = "ccache-config.sh"; sourceTree = "<group>"; };
		05FBE92424E7EB4B0028EF06 /* ccache.sh */ = {isa = PBXFileReference; lastKnownFileType = text.script.sh; path = ccache.sh; sourceTree = "<group>"; };
		05FBE92524E7EB4B0028EF06 /* Debug - zld.xcconfig */ = {isa = PBXFileReference; lastKnownFileType = text.xcconfig; path = "Debug - zld.xcconfig"; sourceTree = "<group>"; };
		05FBE92624E7ECDF0028EF06 /* Dispatch.hpp */ = {isa = PBXFileReference; lastKnownFileType = sourcecode.cpp.h; path = Dispatch.hpp; sourceTree = "<group>"; };
		05FBE92824E7ED2F0028EF06 /* Queue.hpp */ = {isa = PBXFileReference; fileEncoding = 4; lastKnownFileType = sourcecode.cpp.h; path = Queue.hpp; sourceTree = "<group>"; };
		05FBE92924E7ED2F0028EF06 /* Action.hpp */ = {isa = PBXFileReference; fileEncoding = 4; lastKnownFileType = sourcecode.cpp.h; path = Action.hpp; sourceTree = "<group>"; };
		05FBE92A24E7ED2F0028EF06 /* Timer.hpp */ = {isa = PBXFileReference; fileEncoding = 4; lastKnownFileType = sourcecode.cpp.h; path = Timer.hpp; sourceTree = "<group>"; };
		05FBE92B24E7ED2F0028EF06 /* Loop.hpp */ = {isa = PBXFileReference; fileEncoding = 4; lastKnownFileType = sourcecode.cpp.h; path = Loop.hpp; sourceTree = "<group>"; };
		05FBE93024E7EDB70028EF06 /* Loop.cpp */ = {isa = PBXFileReference; fileEncoding = 4; lastKnownFileType = sourcecode.cpp.cpp; path = Loop.cpp; sourceTree = "<group>"; };
		05FBE93124E7EDB70028EF06 /* Timer.cpp */ = {isa = PBXFileReference; fileEncoding = 4; lastKnownFileType = sourcecode.cpp.cpp; path = Timer.cpp; sourceTree = "<group>"; };
		05FBE93224E7EDB70028EF06 /* Action.cpp */ = {isa = PBXFileReference; fileEncoding = 4; lastKnownFileType = sourcecode.cpp.cpp; path = Action.cpp; sourceTree = "<group>"; };
		05FBE93324E7EDB70028EF06 /* Queue.cpp */ = {isa = PBXFileReference; fileEncoding = 4; lastKnownFileType = sourcecode.cpp.cpp; path = Queue.cpp; sourceTree = "<group>"; };
		05FBE93C24E7EE010028EF06 /* Test */ = {isa = PBXFileReference; explicitFileType = "compiled.mach-o.executable"; includeInIndex = 0; path = Test; sourceTree = BUILT_PRODUCTS_DIR; };
		05FBE93E24E7EE010028EF06 /* main.cpp */ = {isa = PBXFileReference; lastKnownFileType = sourcecode.cpp.cpp; path = main.cpp; sourceTree = "<group>"; };
		05FBE94724E7F5060028EF06 /* Interval.hpp */ = {isa = PBXFileReference; lastKnownFileType = sourcecode.cpp.h; path = Interval.hpp; sourceTree = "<group>"; };
		05FBE94924E7F5160028EF06 /* Interval.cpp */ = {isa = PBXFileReference; fileEncoding = 4; lastKnownFileType = sourcecode.cpp.cpp; path = Interval.cpp; sourceTree = "<group>"; };
		05FBE95B24E81DFA0028EF06 /* Thread.hpp */ = {isa = PBXFileReference; fileEncoding = 4; lastKnownFileType = sourcecode.cpp.h; path = Thread.hpp; sourceTree = "<group>"; };
		05FBE95D24E81E060028EF06 /* Thread.cpp */ = {isa = PBXFileReference; fileEncoding = 4; lastKnownFileType = sourcecode.cpp.cpp; path = Thread.cpp; sourceTree = "<group>"; };
/* End PBXFileReference section */

/* Begin PBXFrameworksBuildPhase section */
		05FBE8DD24E7EADB0028EF06 /* Frameworks */ = {
			isa = PBXFrameworksBuildPhase;
			buildActionMask = 2147483647;
			files = (
			);
			runOnlyForDeploymentPostprocessing = 0;
		};
		05FBE93924E7EE010028EF06 /* Frameworks */ = {
			isa = PBXFrameworksBuildPhase;
			buildActionMask = 2147483647;
			files = (
				05FBE94624E7EE470028EF06 /* libDispatch.a in Frameworks */,
			);
			runOnlyForDeploymentPostprocessing = 0;
		};
/* End PBXFrameworksBuildPhase section */

/* Begin PBXGroup section */
		05FBE8D624E7EADB0028EF06 = {
			isa = PBXGroup;
			children = (
				05FBE8F024E7EB2C0028EF06 /* README.md */,
				05FBE8F124E7EB4B0028EF06 /* xcconfig */,
				05FBE8E124E7EADB0028EF06 /* Dispatch */,
				05FBE93D24E7EE010028EF06 /* Test */,
				05FBE8E024E7EADB0028EF06 /* Products */,
				05FBE94524E7EE470028EF06 /* Frameworks */,
			);
			sourceTree = "<group>";
		};
		05FBE8E024E7EADB0028EF06 /* Products */ = {
			isa = PBXGroup;
			children = (
				05FBE8DF24E7EADB0028EF06 /* libDispatch.a */,
				05FBE93C24E7EE010028EF06 /* Test */,
			);
			name = Products;
			sourceTree = "<group>";
		};
		05FBE8E124E7EADB0028EF06 /* Dispatch */ = {
			isa = PBXGroup;
			children = (
				05FBE8EE24E7EB210028EF06 /* include */,
				05FBE8ED24E7EB210028EF06 /* source */,
			);
			path = Dispatch;
			sourceTree = "<group>";
		};
		05FBE8ED24E7EB210028EF06 /* source */ = {
			isa = PBXGroup;
			children = (
				05FBE93224E7EDB70028EF06 /* Action.cpp */,
				05FBE94924E7F5160028EF06 /* Interval.cpp */,
				05FBE93024E7EDB70028EF06 /* Loop.cpp */,
				05FBE93324E7EDB70028EF06 /* Queue.cpp */,
				05FBE95D24E81E060028EF06 /* Thread.cpp */,
				05FBE93124E7EDB70028EF06 /* Timer.cpp */,
			);
			path = source;
			sourceTree = "<group>";
		};
		05FBE8EE24E7EB210028EF06 /* include */ = {
			isa = PBXGroup;
			children = (
				05FBE8EF24E7EB210028EF06 /* Dispatch */,
				05FBE92624E7ECDF0028EF06 /* Dispatch.hpp */,
			);
			path = include;
			sourceTree = "<group>";
		};
		05FBE8EF24E7EB210028EF06 /* Dispatch */ = {
			isa = PBXGroup;
			children = (
				05FBE92924E7ED2F0028EF06 /* Action.hpp */,
				05FBE94724E7F5060028EF06 /* Interval.hpp */,
				05FBE92B24E7ED2F0028EF06 /* Loop.hpp */,
				05FBE92824E7ED2F0028EF06 /* Queue.hpp */,
				05FBE95B24E81DFA0028EF06 /* Thread.hpp */,
				05FBE92A24E7ED2F0028EF06 /* Timer.hpp */,
			);
			path = Dispatch;
			sourceTree = "<group>";
		};
		05FBE8F124E7EB4B0028EF06 /* xcconfig */ = {
			isa = PBXGroup;
			children = (
				05FBE8F224E7EB4B0028EF06 /* Release - ccache.xcconfig */,
				05FBE8F324E7EB4B0028EF06 /* Common.xcconfig */,
				05FBE8F424E7EB4B0028EF06 /* Debug - ccache.xcconfig */,
				05FBE8F524E7EB4B0028EF06 /* Debug.xcconfig */,
				05FBE8F624E7EB4B0028EF06 /* Release.xcconfig */,
				05FBE8F724E7EB4B0028EF06 /* README.md */,
				05FBE8F824E7EB4B0028EF06 /* Release - Library.xcconfig */,
				05FBE8F924E7EB4B0028EF06 /* Common */,
				05FBE92024E7EB4B0028EF06 /* Debug - Library.xcconfig */,
				05FBE92124E7EB4B0028EF06 /* .gitignore */,
				05FBE92224E7EB4B0028EF06 /* Scripts */,
				05FBE92524E7EB4B0028EF06 /* Debug - zld.xcconfig */,
			);
			name = xcconfig;
			path = Submodules/xcconfig;
			sourceTree = "<group>";
		};
		05FBE8F924E7EB4B0028EF06 /* Common */ = {
			isa = PBXGroup;
			children = (
				05FBE8FA24E7EB4B0028EF06 /* Signing.xcconfig */,
				05FBE8FB24E7EB4B0028EF06 /* Architectures.xcconfig */,
				05FBE8FC24E7EB4B0028EF06 /* Static-Analyzer */,
				05FBE90424E7EB4B0028EF06 /* Deployment.xcconfig */,
				05FBE90524E7EB4B0028EF06 /* Build-Options.xcconfig */,
				05FBE90624E7EB4B0028EF06 /* Swift-Compiler.xcconfig */,
				05FBE90724E7EB4B0028EF06 /* Static-Analyzer.xcconfig */,
				05FBE90824E7EB4B0028EF06 /* Swift-Compiler */,
				05FBE90D24E7EB4B0028EF06 /* Search-Paths.xcconfig */,
				05FBE90E24E7EB4B0028EF06 /* Apple-LLVM.xcconfig */,
				05FBE90F24E7EB4B0028EF06 /* Apple-LLVM */,
			);
			path = Common;
			sourceTree = "<group>";
		};
		05FBE8FC24E7EB4B0028EF06 /* Static-Analyzer */ = {
			isa = PBXGroup;
			children = (
				05FBE8FD24E7EB4B0028EF06 /* Issues.xcconfig */,
				05FBE8FE24E7EB4B0028EF06 /* Issues */,
			);
			path = "Static-Analyzer";
			sourceTree = "<group>";
		};
		05FBE8FE24E7EB4B0028EF06 /* Issues */ = {
			isa = PBXGroup;
			children = (
				05FBE8FF24E7EB4B0028EF06 /* Apple-APIs.xcconfig */,
				05FBE90024E7EB4B0028EF06 /* Generic-Issues.xcconfig */,
				05FBE90124E7EB4B0028EF06 /* Security.xcconfig */,
				05FBE90224E7EB4B0028EF06 /* Objective-C.xcconfig */,
				05FBE90324E7EB4B0028EF06 /* Analysis-Policy.xcconfig */,
			);
			path = Issues;
			sourceTree = "<group>";
		};
		05FBE90824E7EB4B0028EF06 /* Swift-Compiler */ = {
			isa = PBXGroup;
			children = (
				05FBE90924E7EB4B0028EF06 /* Warnings-Policies.xcconfig */,
				05FBE90A24E7EB4B0028EF06 /* Code-Generation.xcconfig */,
				05FBE90B24E7EB4B0028EF06 /* Language.xcconfig */,
				05FBE90C24E7EB4B0028EF06 /* General.xcconfig */,
			);
			path = "Swift-Compiler";
			sourceTree = "<group>";
		};
		05FBE90F24E7EB4B0028EF06 /* Apple-LLVM */ = {
			isa = PBXGroup;
			children = (
				05FBE91024E7EB4B0028EF06 /* Language */,
				05FBE91424E7EB4B0028EF06 /* Code-Generation.xcconfig */,
				05FBE91524E7EB4B0028EF06 /* Address-Sanitizer.xcconfig */,
				05FBE91624E7EB4B0028EF06 /* Language.xcconfig */,
				05FBE91724E7EB4B0028EF06 /* Warnings.xcconfig */,
				05FBE91824E7EB4B0028EF06 /* Undefined-Behavior-Sanitizer.xcconfig */,
				05FBE91924E7EB4B0028EF06 /* Warning-Policies.xcconfig */,
				05FBE91A24E7EB4B0028EF06 /* Warnings */,
				05FBE91F24E7EB4B0028EF06 /* Preprocessing.xcconfig */,
			);
			path = "Apple-LLVM";
			sourceTree = "<group>";
		};
		05FBE91024E7EB4B0028EF06 /* Language */ = {
			isa = PBXGroup;
			children = (
				05FBE91124E7EB4B0028EF06 /* Modules.xcconfig */,
				05FBE91224E7EB4B0028EF06 /* Objective-C.xcconfig */,
				05FBE91324E7EB4B0028EF06 /* C++.xcconfig */,
			);
			path = Language;
			sourceTree = "<group>";
		};
		05FBE91A24E7EB4B0028EF06 /* Warnings */ = {
			isa = PBXGroup;
			children = (
				05FBE91B24E7EB4B0028EF06 /* Objective-C-ARC.xcconfig */,
				05FBE91C24E7EB4B0028EF06 /* Objective-C.xcconfig */,
				05FBE91D24E7EB4B0028EF06 /* C++.xcconfig */,
				05FBE91E24E7EB4B0028EF06 /* All-Languages.xcconfig */,
			);
			path = Warnings;
			sourceTree = "<group>";
		};
		05FBE92224E7EB4B0028EF06 /* Scripts */ = {
			isa = PBXGroup;
			children = (
				05FBE92324E7EB4B0028EF06 /* ccache-config.sh */,
				05FBE92424E7EB4B0028EF06 /* ccache.sh */,
			);
			path = Scripts;
			sourceTree = "<group>";
		};
		05FBE93D24E7EE010028EF06 /* Test */ = {
			isa = PBXGroup;
			children = (
				05FBE93E24E7EE010028EF06 /* main.cpp */,
			);
			path = Test;
			sourceTree = "<group>";
		};
		05FBE94524E7EE470028EF06 /* Frameworks */ = {
			isa = PBXGroup;
			children = (
			);
			name = Frameworks;
			sourceTree = "<group>";
		};
/* End PBXGroup section */

/* Begin PBXHeadersBuildPhase section */
		05FBE8DB24E7EADB0028EF06 /* Headers */ = {
			isa = PBXHeadersBuildPhase;
			buildActionMask = 2147483647;
			files = (
			);
			runOnlyForDeploymentPostprocessing = 0;
		};
/* End PBXHeadersBuildPhase section */

/* Begin PBXNativeTarget section */
		05FBE8DE24E7EADB0028EF06 /* Dispatch */ = {
			isa = PBXNativeTarget;
			buildConfigurationList = 05FBE8EA24E7EADB0028EF06 /* Build configuration list for PBXNativeTarget "Dispatch" */;
			buildPhases = (
				05FBE8DB24E7EADB0028EF06 /* Headers */,
				05FBE8DC24E7EADB0028EF06 /* Sources */,
				05FBE8DD24E7EADB0028EF06 /* Frameworks */,
			);
			buildRules = (
			);
			dependencies = (
			);
			name = Dispatch;
			productName = Dispatch;
			productReference = 05FBE8DF24E7EADB0028EF06 /* libDispatch.a */;
			productType = "com.apple.product-type.library.static";
		};
		05FBE93B24E7EE010028EF06 /* Test */ = {
			isa = PBXNativeTarget;
			buildConfigurationList = 05FBE94024E7EE010028EF06 /* Build configuration list for PBXNativeTarget "Test" */;
			buildPhases = (
				05FBE93824E7EE010028EF06 /* Sources */,
				05FBE93924E7EE010028EF06 /* Frameworks */,
				05FBE93A24E7EE010028EF06 /* CopyFiles */,
			);
			buildRules = (
			);
			dependencies = (
				05FBE94424E7EE440028EF06 /* PBXTargetDependency */,
			);
			name = Test;
			productName = Test;
			productReference = 05FBE93C24E7EE010028EF06 /* Test */;
			productType = "com.apple.product-type.tool";
		};
/* End PBXNativeTarget section */

/* Begin PBXProject section */
		05FBE8D724E7EADB0028EF06 /* Project object */ = {
			isa = PBXProject;
			attributes = {
				LastUpgradeCheck = 1160;
				ORGANIZATIONNAME = "XS-Labs";
				TargetAttributes = {
					05FBE8DE24E7EADB0028EF06 = {
						CreatedOnToolsVersion = 11.6;
					};
					05FBE93B24E7EE010028EF06 = {
						CreatedOnToolsVersion = 11.6;
					};
				};
			};
			buildConfigurationList = 05FBE8DA24E7EADB0028EF06 /* Build configuration list for PBXProject "Dispatch" */;
			compatibilityVersion = "Xcode 9.3";
			developmentRegion = en;
			hasScannedForEncodings = 0;
			knownRegions = (
				en,
				Base,
			);
			mainGroup = 05FBE8D624E7EADB0028EF06;
			productRefGroup = 05FBE8E024E7EADB0028EF06 /* Products */;
			projectDirPath = "";
			projectRoot = "";
			targets = (
				05FBE8DE24E7EADB0028EF06 /* Dispatch */,
				05FBE93B24E7EE010028EF06 /* Test */,
			);
		};
/* End PBXProject section */

/* Begin PBXSourcesBuildPhase section */
		05FBE8DC24E7EADB0028EF06 /* Sources */ = {
			isa = PBXSourcesBuildPhase;
			buildActionMask = 2147483647;
			files = (
				05FBE93524E7EDB70028EF06 /* Timer.cpp in Sources */,
				05FBE94A24E7F5160028EF06 /* Interval.cpp in Sources */,
				05FBE93624E7EDB70028EF06 /* Action.cpp in Sources */,
				05FBE93724E7EDB70028EF06 /* Queue.cpp in Sources */,
				05FBE93424E7EDB70028EF06 /* Loop.cpp in Sources */,
				05FBE95E24E81E060028EF06 /* Thread.cpp in Sources */,
			);
			runOnlyForDeploymentPostprocessing = 0;
		};
		05FBE93824E7EE010028EF06 /* Sources */ = {
			isa = PBXSourcesBuildPhase;
			buildActionMask = 2147483647;
			files = (
				05FBE93F24E7EE010028EF06 /* main.cpp in Sources */,
			);
			runOnlyForDeploymentPostprocessing = 0;
		};
/* End PBXSourcesBuildPhase section */

/* Begin PBXTargetDependency section */
		05FBE94424E7EE440028EF06 /* PBXTargetDependency */ = {
			isa = PBXTargetDependency;
			target = 05FBE8DE24E7EADB0028EF06 /* Dispatch */;
			targetProxy = 05FBE94324E7EE440028EF06 /* PBXContainerItemProxy */;
		};
/* End PBXTargetDependency section */

/* Begin XCBuildConfiguration section */
		05FBE8E824E7EADB0028EF06 /* Debug */ = {
			isa = XCBuildConfiguration;
			baseConfigurationReference = 05FBE8F524E7EB4B0028EF06 /* Debug.xcconfig */;
			buildSettings = {
				HEADER_SEARCH_PATHS = "$(SRCROOT)/Dispatch/include";
			};
			name = Debug;
		};
		05FBE8E924E7EADB0028EF06 /* Release */ = {
			isa = XCBuildConfiguration;
			baseConfigurationReference = 05FBE8F624E7EB4B0028EF06 /* Release.xcconfig */;
			buildSettings = {
				HEADER_SEARCH_PATHS = "$(SRCROOT)/Dispatch/include";
			};
			name = Release;
		};
		05FBE8EB24E7EADB0028EF06 /* Debug */ = {
			isa = XCBuildConfiguration;
			buildSettings = {
				CODE_SIGN_STYLE = Automatic;
				EXECUTABLE_PREFIX = lib;
				PRODUCT_NAME = "$(TARGET_NAME)";
				SKIP_INSTALL = YES;
			};
			name = Debug;
		};
		05FBE8EC24E7EADB0028EF06 /* Release */ = {
			isa = XCBuildConfiguration;
			buildSettings = {
				CODE_SIGN_STYLE = Automatic;
				EXECUTABLE_PREFIX = lib;
				PRODUCT_NAME = "$(TARGET_NAME)";
				SKIP_INSTALL = YES;
			};
			name = Release;
		};
		05FBE94124E7EE010028EF06 /* Debug */ = {
			isa = XCBuildConfiguration;
			buildSettings = {
				PRODUCT_NAME = "$(TARGET_NAME)";
			};
			name = Debug;
		};
		05FBE94224E7EE010028EF06 /* Release */ = {
			isa = XCBuildConfiguration;
			buildSettings = {
				PRODUCT_NAME = "$(TARGET_NAME)";
			};
			name = Release;
		};
/* End XCBuildConfiguration section */

/* Begin XCConfigurationList section */
		05FBE8DA24E7EADB0028EF06 /* Build configuration list for PBXProject "Dispatch" */ = {
			isa = XCConfigurationList;
			buildConfigurations = (
				05FBE8E824E7EADB0028EF06 /* Debug */,
				05FBE8E924E7EADB0028EF06 /* Release */,
			);
			defaultConfigurationIsVisible = 0;
			defaultConfigurationName = Release;
		};
		05FBE8EA24E7EADB0028EF06 /* Build configuration list for PBXNativeTarget "Dispatch" */ = {
			isa = XCConfigurationList;
			buildConfigurations = (
				05FBE8EB24E7EADB0028EF06 /* Debug */,
				05FBE8EC24E7EADB0028EF06 /* Release */,
			);
			defaultConfigurationIsVisible = 0;
			defaultConfigurationName = Release;
		};
		05FBE94024E7EE010028EF06 /* Build configuration list for PBXNativeTarget "Test" */ = {
			isa = XCConfigurationList;
			buildConfigurations = (
				05FBE94124E7EE010028EF06 /* Debug */,
				05FBE94224E7EE010028EF06 /* Release */,
			);
			defaultConfigurationIsVisible = 0;
			defaultConfigurationName = Release;
		};
/* End XCConfigurationList section */
	};
	rootObject = 05FBE8D724E7EADB0028EF06 /* Project object */;
}
